<?xml version="1.0" encoding="utf-8"?>
<Project ToolsVersion="4.0" xmlns="http://schemas.microsoft.com/developer/msbuild/2003">
  <ItemGroup>
    <ClCompile Include="main.cpp" />
  </ItemGroup>
  <ItemGroup>
    <Filter Include="Ressources">
      <UniqueIdentifier>{6c6b46d4-052a-44c3-a5bd-f536ba8a1a56}</UniqueIdentifier>
    </Filter>
    <Filter Include="Ressources\Images">
      <UniqueIdentifier>{778ed21f-0630-49a1-a4db-32d75a4e8807}</UniqueIdentifier>
    </Filter>
    <Filter Include="Ressources\Audio">
      <UniqueIdentifier>{69595519-a27d-4473-a2fa-3f9de83c3683}</UniqueIdentifier>
    </Filter>
  </ItemGroup>
  <ItemGroup>
    <None Include="..\..\res\sound\explosion.wav">
      <Filter>Ressources\Audio</Filter>
    </None>
    <None Include="..\..\res\sound\fastinvader1.wav">
      <Filter>Ressources\Audio</Filter>
    </None>
    <None Include="..\..\res\sound\fastinvader2.wav">
      <Filter>Ressources\Audio</Filter>
    </None>
    <None Include="..\..\res\sound\fastinvader3.wav">
      <Filter>Ressources\Audio</Filter>
    </None>
    <None Include="..\..\res\sound\fastinvader4.wav">
      <Filter>Ressources\Audio</Filter>
    </None>
    <None Include="..\..\res\sound\invaderkilled.wav">
      <Filter>Ressources\Audio</Filter>
    </None>
    <None Include="..\..\res\sound\shoot.wav">
      <Filter>Ressources\Audio</Filter>
    </None>
    <None Include="..\..\res\sound\spaceinvaders1.mpeg">
      <Filter>Ressources\Audio</Filter>
    </None>
    <None Include="..\..\res\sound\ufo_highpitch.wav">
      <Filter>Ressources\Audio</Filter>
    </None>
    <None Include="..\..\res\sound\ufo_lowpitch.wav">
      <Filter>Ressources\Audio</Filter>
    </None>
    <None Include="..\..\res\img\invaders.png">
      <Filter>Ressources\Images</Filter>
    </None>
    <None Include="..\..\res\img\tintmask.png">
      <Filter>Ressources\Images</Filter>
    </None>
    <None Include="..\..\res\img\tintover.png">
      <Filter>Ressources\Images</Filter>
    </None>
    <None Include="..\..\..\..\..\..\Desktop\characters.png">
      <Filter>Ressources\Images</Filter>
    </None>
  </ItemGroup>
</Project>